
Microsoft Visual Studio Solution File, Format Version 12.00
# Visual Studio Version 17
VisualStudioVersion = 17.10.35122.118
MinimumVisualStudioVersion = 10.0.40219.1
Project("{FAE04EC0-301F-11D3-BF4B-00C04F79EFBC}") = "employeeApp_api", "employeeApp_api\employeeApp_api.csproj", "{145E577C-5061-49DB-B159-7E84452B90EB}"
EndProject
Global
	GlobalSection(SolutionConfigurationPlatforms) = preSolution
		Debug|Any CPU = Debug|Any CPU
		Release|Any CPU = Release|Any CPU
	EndGlobalSection
	GlobalSection(ProjectConfigurationPlatforms) = postSolution
		{145E577C-5061-49DB-B159-7E84452B90EB}.Debug|Any CPU.ActiveCfg = Debug|Any CPU
		{145E577C-5061-49DB-B159-7E84452B90EB}.Debug|Any CPU.Build.0 = Debug|Any CPU
		{145E577C-5061-49DB-B159-7E84452B90EB}.Release|Any CPU.ActiveCfg = Release|Any CPU
		{145E577C-5061-49DB-B159-7E84452B90EB}.Release|Any CPU.Build.0 = Release|Any CPU
	EndGlobalSection
	GlobalSection(SolutionProperties) = preSolution
		HideSolutionNode = FALSE
	EndGlobalSection
	GlobalSection(ExtensibilityGlobals) = postSolution
		SolutionGuid = {208A7733-3610-4061-9FCC-55913B4F65A4}
	EndGlobalSection
EndGlobal
